Microsoft Visual Studio Solution File, Format Version 8.00
Project("{8BC9CEB8-8B4A-11D0-8D11-00A0C91BC942}") = "sqlite++", "sqlite++\sqlite++.vcproj", "{36E8930F-54BA-4B26-80D6-48065010ABC6}"
	ProjectSection(ProjectDependencies) = postProject
		{19D8E93C-7998-4F86-B719-9BFBA8E196C3} = {19D8E93C-7998-4F86-B719-9BFBA8E196C3}
	EndProjectSection
EndProject
Project("{8BC9CEB8-8B4A-11D0-8D11-00A0C91BC942}") = "sqlite_static", "..\sqlite_static\sqlite_static.vcproj", "{19D8E93C-7998-4F86-B719-9BFBA8E196C3}"
	ProjectSection(ProjectDependencies) = postProject
	EndProjectSection
EndProject
Project("{8BC9CEB8-8B4A-11D0-8D11-00A0C91BC942}") = "test", "test\test.vcproj", "{899C410A-DEA1-49C6-8468-9BEFB07FA35B}"
	ProjectSection(ProjectDependencies) = postProject
		{36E8930F-54BA-4B26-80D6-48065010ABC6} = {36E8930F-54BA-4B26-80D6-48065010ABC6}
		{19D8E93C-7998-4F86-B719-9BFBA8E196C3} = {19D8E93C-7998-4F86-B719-9BFBA8E196C3}
	EndProjectSection
EndProject
Global
	GlobalSection(SolutionConfiguration) = preSolution
		Debug = Debug
		Release = Release
		RELEASE_DLL = RELEASE_DLL
		RELEASE_LIB = RELEASE_LIB
	EndGlobalSection
	GlobalSection(ProjectConfiguration) = postSolution
		{36E8930F-54BA-4B26-80D6-48065010ABC6}.Debug.ActiveCfg = Debug|Win32
		{36E8930F-54BA-4B26-80D6-48065010ABC6}.Debug.Build.0 = Debug|Win32
		{36E8930F-54BA-4B26-80D6-48065010ABC6}.Release.ActiveCfg = Release|Win32
		{36E8930F-54BA-4B26-80D6-48065010ABC6}.Release.Build.0 = Release|Win32
		{36E8930F-54BA-4B26-80D6-48065010ABC6}.RELEASE_DLL.ActiveCfg = Release|Win32
		{36E8930F-54BA-4B26-80D6-48065010ABC6}.RELEASE_DLL.Build.0 = Release|Win32
		{36E8930F-54BA-4B26-80D6-48065010ABC6}.RELEASE_LIB.ActiveCfg = Release|Win32
		{36E8930F-54BA-4B26-80D6-48065010ABC6}.RELEASE_LIB.Build.0 = Release|Win32
		{19D8E93C-7998-4F86-B719-9BFBA8E196C3}.Debug.ActiveCfg = RELEASE_DLL|Win32
		{19D8E93C-7998-4F86-B719-9BFBA8E196C3}.Debug.Build.0 = RELEASE_DLL|Win32
		{19D8E93C-7998-4F86-B719-9BFBA8E196C3}.Release.ActiveCfg = RELEASE_DLL|Win32
		{19D8E93C-7998-4F86-B719-9BFBA8E196C3}.Release.Build.0 = RELEASE_DLL|Win32
		{19D8E93C-7998-4F86-B719-9BFBA8E196C3}.RELEASE_DLL.ActiveCfg = RELEASE_DLL|Win32
		{19D8E93C-7998-4F86-B719-9BFBA8E196C3}.RELEASE_DLL.Build.0 = RELEASE_DLL|Win32
		{19D8E93C-7998-4F86-B719-9BFBA8E196C3}.RELEASE_LIB.ActiveCfg = RELEASE_LIB|Win32
		{19D8E93C-7998-4F86-B719-9BFBA8E196C3}.RELEASE_LIB.Build.0 = RELEASE_LIB|Win32
		{899C410A-DEA1-49C6-8468-9BEFB07FA35B}.Debug.ActiveCfg = Debug|Win32
		{899C410A-DEA1-49C6-8468-9BEFB07FA35B}.Debug.Build.0 = Debug|Win32
		{899C410A-DEA1-49C6-8468-9BEFB07FA35B}.Release.ActiveCfg = Release|Win32
		{899C410A-DEA1-49C6-8468-9BEFB07FA35B}.Release.Build.0 = Release|Win32
		{899C410A-DEA1-49C6-8468-9BEFB07FA35B}.RELEASE_DLL.ActiveCfg = Release|Win32
		{899C410A-DEA1-49C6-8468-9BEFB07FA35B}.RELEASE_DLL.Build.0 = Release|Win32
		{899C410A-DEA1-49C6-8468-9BEFB07FA35B}.RELEASE_LIB.ActiveCfg = Release|Win32
		{899C410A-DEA1-49C6-8468-9BEFB07FA35B}.RELEASE_LIB.Build.0 = Release|Win32
	EndGlobalSection
	GlobalSection(ExtensibilityGlobals) = postSolution
	EndGlobalSection
	GlobalSection(ExtensibilityAddIns) = postSolution
	EndGlobalSection
EndGlobal
